
Microsoft Visual Studio Solution File, Format Version 12.00
# Visual Studio Version 16
VisualStudioVersion = 16.0.29318.209
MinimumVisualStudioVersion = 10.0.40219.1
Project("{FAE04EC0-301F-11D3-BF4B-00C04F79EFBC}") = "Events.UI", "Events.UI\Events.UI.csproj", "{67B1003F-A3A1-4CC0-A23B-271199C1E297}"
EndProject
Project("{FAE04EC0-301F-11D3-BF4B-00C04F79EFBC}") = "Events.BL", "Events.BL\Events.BL.csproj", "{7DAE81C2-77C7-4824-842D-ED3A22A577B2}"
EndProject
Global
	GlobalSection(SolutionConfigurationPlatforms) = preSolution
		Debug|Any CPU = Debug|Any CPU
		Release|Any CPU = Release|Any CPU
	EndGlobalSection
	GlobalSection(ProjectConfigurationPlatforms) = postSolution
		{67B1003F-A3A1-4CC0-A23B-271199C1E297}.Debug|Any CPU.ActiveCfg = Debug|Any CPU
		{67B1003F-A3A1-4CC0-A23B-271199C1E297}.Debug|Any CPU.Build.0 = Debug|Any CPU
		{67B1003F-A3A1-4CC0-A23B-271199C1E297}.Release|Any CPU.ActiveCfg = Release|Any CPU
		{67B1003F-A3A1-4CC0-A23B-271199C1E297}.Release|Any CPU.Build.0 = Release|Any CPU
		{7DAE81C2-77C7-4824-842D-ED3A22A577B2}.Debug|Any CPU.ActiveCfg = Debug|Any CPU
		{7DAE81C2-77C7-4824-842D-ED3A22A577B2}.Debug|Any CPU.Build.0 = Debug|Any CPU
		{7DAE81C2-77C7-4824-842D-ED3A22A577B2}.Release|Any CPU.ActiveCfg = Release|Any CPU
		{7DAE81C2-77C7-4824-842D-ED3A22A577B2}.Release|Any CPU.Build.0 = Release|Any CPU
	EndGlobalSection
	GlobalSection(SolutionProperties) = preSolution
		HideSolutionNode = FALSE
	EndGlobalSection
	GlobalSection(ExtensibilityGlobals) = postSolution
		SolutionGuid = {61021BA9-8A67-4376-800B-3A6C02844B2D}
	EndGlobalSection
EndGlobal
